
Microsoft Visual Studio Solution File, Format Version 12.00
# Visual Studio Version 17
VisualStudioVersion = 17.3.32929.385
MinimumVisualStudioVersion = 10.0.40219.1
Project("{9A19103F-16F7-4668-BE54-9A1E7A4F7556}") = "DalFacade", "DalFacade\DalFacade.csproj", "{AF2F4186-91C8-4BC6-91C6-33E4E64FC7BC}"
EndProject
Project("{9A19103F-16F7-4668-BE54-9A1E7A4F7556}") = "DalList", "DalList\DalList.csproj", "{D848A7C6-8404-410D-9895-BE0A768CD7D1}"
	ProjectSection(ProjectDependencies) = postProject
		{AF2F4186-91C8-4BC6-91C6-33E4E64FC7BC} = {AF2F4186-91C8-4BC6-91C6-33E4E64FC7BC}
	EndProjectSection
EndProject
Project("{9A19103F-16F7-4668-BE54-9A1E7A4F7556}") = "DalTest", "DalTest\DalTest.csproj", "{29D27E64-3D17-4DAF-A3E9-136FEA54E229}"
	ProjectSection(ProjectDependencies) = postProject
		{AF2F4186-91C8-4BC6-91C6-33E4E64FC7BC} = {AF2F4186-91C8-4BC6-91C6-33E4E64FC7BC}
		{D848A7C6-8404-410D-9895-BE0A768CD7D1} = {D848A7C6-8404-410D-9895-BE0A768CD7D1}
	EndProjectSection
EndProject
Project("{9A19103F-16F7-4668-BE54-9A1E7A4F7556}") = "BL", "BL\BL.csproj", "{9F898582-3489-41B2-A9BF-17F0DB8070B9}"
	ProjectSection(ProjectDependencies) = postProject
		{AF2F4186-91C8-4BC6-91C6-33E4E64FC7BC} = {AF2F4186-91C8-4BC6-91C6-33E4E64FC7BC}
		{D848A7C6-8404-410D-9895-BE0A768CD7D1} = {D848A7C6-8404-410D-9895-BE0A768CD7D1}
	EndProjectSection
EndProject
Project("{9A19103F-16F7-4668-BE54-9A1E7A4F7556}") = "BLTest", "BLTest\BLTest.csproj", "{561967CE-F9D7-48D9-B05A-9E25A3D61EE4}"
EndProject
Project("{2150E333-8FDC-42A3-9474-1A3956D46DE8}") = "xml", "xml", "{97C627B7-6456-4F11-83AB-1F94B6F89B66}"
	ProjectSection(SolutionItems) = preProject
		xml\dal-config.xml = xml\dal-config.xml
		Order.xml = Order.xml
		OrderItem.xml = OrderItem.xml
		Product.xml = Product.xml
		RunningNumbers.xml = RunningNumbers.xml
	EndProjectSection
EndProject
Project("{9A19103F-16F7-4668-BE54-9A1E7A4F7556}") = "PL", "PL\PL.csproj", "{27054D34-31D6-4F5B-A8BF-6FB9CB3B764C}"
EndProject
Project("{9A19103F-16F7-4668-BE54-9A1E7A4F7556}") = "DalXml", "DalXml\DalXml.csproj", "{FF9BB67A-8DDB-45A7-803D-29141283E5BF}"
EndProject
Global
	GlobalSection(SolutionConfigurationPlatforms) = preSolution
		Debug|Any CPU = Debug|Any CPU
		Release|Any CPU = Release|Any CPU
	EndGlobalSection
	GlobalSection(ProjectConfigurationPlatforms) = postSolution
		{AF2F4186-91C8-4BC6-91C6-33E4E64FC7BC}.Debug|Any CPU.ActiveCfg = Debug|Any CPU
		{AF2F4186-91C8-4BC6-91C6-33E4E64FC7BC}.Debug|Any CPU.Build.0 = Debug|Any CPU
		{AF2F4186-91C8-4BC6-91C6-33E4E64FC7BC}.Release|Any CPU.ActiveCfg = Release|Any CPU
		{AF2F4186-91C8-4BC6-91C6-33E4E64FC7BC}.Release|Any CPU.Build.0 = Release|Any CPU
		{D848A7C6-8404-410D-9895-BE0A768CD7D1}.Debug|Any CPU.ActiveCfg = Debug|Any CPU
		{D848A7C6-8404-410D-9895-BE0A768CD7D1}.Debug|Any CPU.Build.0 = Debug|Any CPU
		{D848A7C6-8404-410D-9895-BE0A768CD7D1}.Release|Any CPU.ActiveCfg = Release|Any CPU
		{D848A7C6-8404-410D-9895-BE0A768CD7D1}.Release|Any CPU.Build.0 = Release|Any CPU
		{29D27E64-3D17-4DAF-A3E9-136FEA54E229}.Debug|Any CPU.ActiveCfg = Debug|Any CPU
		{29D27E64-3D17-4DAF-A3E9-136FEA54E229}.Debug|Any CPU.Build.0 = Debug|Any CPU
		{29D27E64-3D17-4DAF-A3E9-136FEA54E229}.Release|Any CPU.ActiveCfg = Release|Any CPU
		{29D27E64-3D17-4DAF-A3E9-136FEA54E229}.Release|Any CPU.Build.0 = Release|Any CPU
		{9F898582-3489-41B2-A9BF-17F0DB8070B9}.Debug|Any CPU.ActiveCfg = Debug|Any CPU
		{9F898582-3489-41B2-A9BF-17F0DB8070B9}.Debug|Any CPU.Build.0 = Debug|Any CPU
		{9F898582-3489-41B2-A9BF-17F0DB8070B9}.Release|Any CPU.ActiveCfg = Release|Any CPU
		{9F898582-3489-41B2-A9BF-17F0DB8070B9}.Release|Any CPU.Build.0 = Release|Any CPU
		{561967CE-F9D7-48D9-B05A-9E25A3D61EE4}.Debug|Any CPU.ActiveCfg = Debug|Any CPU
		{561967CE-F9D7-48D9-B05A-9E25A3D61EE4}.Debug|Any CPU.Build.0 = Debug|Any CPU
		{561967CE-F9D7-48D9-B05A-9E25A3D61EE4}.Release|Any CPU.ActiveCfg = Release|Any CPU
		{561967CE-F9D7-48D9-B05A-9E25A3D61EE4}.Release|Any CPU.Build.0 = Release|Any CPU
		{27054D34-31D6-4F5B-A8BF-6FB9CB3B764C}.Debug|Any CPU.ActiveCfg = Debug|Any CPU
		{27054D34-31D6-4F5B-A8BF-6FB9CB3B764C}.Debug|Any CPU.Build.0 = Debug|Any CPU
		{27054D34-31D6-4F5B-A8BF-6FB9CB3B764C}.Release|Any CPU.ActiveCfg = Release|Any CPU
		{27054D34-31D6-4F5B-A8BF-6FB9CB3B764C}.Release|Any CPU.Build.0 = Release|Any CPU
		{FF9BB67A-8DDB-45A7-803D-29141283E5BF}.Debug|Any CPU.ActiveCfg = Debug|Any CPU
		{FF9BB67A-8DDB-45A7-803D-29141283E5BF}.Debug|Any CPU.Build.0 = Debug|Any CPU
		{FF9BB67A-8DDB-45A7-803D-29141283E5BF}.Release|Any CPU.ActiveCfg = Release|Any CPU
		{FF9BB67A-8DDB-45A7-803D-29141283E5BF}.Release|Any CPU.Build.0 = Release|Any CPU
	EndGlobalSection
	GlobalSection(SolutionProperties) = preSolution
		HideSolutionNode = FALSE
	EndGlobalSection
	GlobalSection(ExtensibilityGlobals) = postSolution
		SolutionGuid = {7C35122E-3E69-4683-8B71-976EB8A7CC56}
	EndGlobalSection
EndGlobal
