
Microsoft Visual Studio Solution File, Format Version 12.00
# Visual Studio Version 17
VisualStudioVersion = 17.3.32929.385
MinimumVisualStudioVersion = 10.0.40219.1
Project("{FAE04EC0-301F-11D3-BF4B-00C04F79EFBC}") = "Stage0", "Stage0\Stage0.csproj", "{BA6A8142-E799-4B61-B96B-B0F80AC70612}"
EndProject
Global
	GlobalSection(SolutionConfigurationPlatforms) = preSolution
		Debug|Any CPU = Debug|Any CPU
		Release|Any CPU = Release|Any CPU
	EndGlobalSection
	GlobalSection(ProjectConfigurationPlatforms) = postSolution
		{BA6A8142-E799-4B61-B96B-B0F80AC70612}.Debug|Any CPU.ActiveCfg = Debug|Any CPU
		{BA6A8142-E799-4B61-B96B-B0F80AC70612}.Debug|Any CPU.Build.0 = Debug|Any CPU
		{BA6A8142-E799-4B61-B96B-B0F80AC70612}.Release|Any CPU.ActiveCfg = Release|Any CPU
		{BA6A8142-E799-4B61-B96B-B0F80AC70612}.Release|Any CPU.Build.0 = Release|Any CPU
	EndGlobalSection
	GlobalSection(SolutionProperties) = preSolution
		HideSolutionNode = FALSE
	EndGlobalSection
	GlobalSection(ExtensibilityGlobals) = postSolution
		SolutionGuid = {4F69069B-CE2A-4CD2-A3F3-E17069621824}
	EndGlobalSection
EndGlobal
